Microsoft Visual Studio Solution File, Format Version 11.00
# Visual Studio 2008

Project("{C503E5BE-561C-94E2-3EC0-11C5493FCC2E}") = "KudanAR", "Assembly-CSharp.csproj", "{CE7F7E31-DA62-909F-C850-73D9CFE26F09}"
EndProject
Project("{C503E5BE-561C-94E2-3EC0-11C5493FCC2E}") = "KudanAR", "Assembly-CSharp-Editor.csproj", "{F4CEB084-285C-0862-B5A4-6DE8A69F9C77}"
EndProject
Global
	GlobalSection(SolutionConfigurationPlatforms) = preSolution
		Debug|Any CPU = Debug|Any CPU
		Release|Any CPU = Release|Any CPU
	EndGlobalSection
	GlobalSection(ProjectConfigurationPlatforms) = postSolution
		{CE7F7E31-DA62-909F-C850-73D9CFE26F09}.Debug|Any CPU.ActiveCfg = Debug|Any CPU
		{CE7F7E31-DA62-909F-C850-73D9CFE26F09}.Debug|Any CPU.Build.0 = Debug|Any CPU
		{CE7F7E31-DA62-909F-C850-73D9CFE26F09}.Release|Any CPU.ActiveCfg = Release|Any CPU
		{CE7F7E31-DA62-909F-C850-73D9CFE26F09}.Release|Any CPU.Build.0 = Release|Any CPU
		{F4CEB084-285C-0862-B5A4-6DE8A69F9C77}.Debug|Any CPU.ActiveCfg = Debug|Any CPU
		{F4CEB084-285C-0862-B5A4-6DE8A69F9C77}.Debug|Any CPU.Build.0 = Debug|Any CPU
		{F4CEB084-285C-0862-B5A4-6DE8A69F9C77}.Release|Any CPU.ActiveCfg = Release|Any CPU
		{F4CEB084-285C-0862-B5A4-6DE8A69F9C77}.Release|Any CPU.Build.0 = Release|Any CPU
	EndGlobalSection
	GlobalSection(SolutionProperties) = preSolution
		HideSolutionNode = FALSE
	EndGlobalSection
	GlobalSection(MonoDevelopProperties) = preSolution
		StartupItem = Assembly-CSharp.csproj
	EndGlobalSection
EndGlobal
